{
  "name": "data-marketplace-contracts",
  "lockfileVersion": 3,
  "requires": true,
  "packages": {
    "": {
      "dependencies": {
        "@bnb-chain/greenfield-contracts": "^0.0.8",
        "@bnb-chain/greenfield-contracts-sdk": "0.0.5",
        "@openzeppelin/contracts": "^4.8.3",
        "@openzeppelin/contracts-upgradeable": "^4.8.3"
      }
    },
    "node_modules/@bnb-chain/greenfield-contracts": {
      "version": "0.0.8",
      "resolved": "https://registry.npmjs.org/@bnb-chain/greenfield-contracts/-/greenfield-contracts-0.0.8.tgz",
      "integrity": "sha512-znNRigNPetlfH1HAu3iE6BP7+CMZTmMsgULw/NvPP+S23KJR2aicuzIx6HSg//bHfZd7bt7S3guuRSuGadUDWg==",
      "dependencies": {
        "@openzeppelin/contracts": "4.8.3",
        "@openzeppelin/contracts-upgradeable": "4.8.3"
      }
    },
    "node_modules/@bnb-chain/greenfield-contracts-sdk": {
      "version": "0.0.5",
      "resolved": "https://registry.npmjs.org/@bnb-chain/greenfield-contracts-sdk/-/greenfield-contracts-sdk-0.0.5.tgz",
      "integrity": "sha512-Au/lXtLSJRCsAHT7PinAvfEKXMJDfg0sln2xpz71ZMdqUYoceW460ByXVr/dnQqA+heVWnc7TDLDm0RDreutJQ==",
      "dependencies": {
        "@openzeppelin/contracts": "^4.8.3",
        "@openzeppelin/contracts-upgradeable": "^4.8.3"
      }
    },
    "node_modules/@openzeppelin/contracts": {
      "version": "4.8.3",
      "resolved": "https://registry.npmjs.org/@openzeppelin/contracts/-/contracts-4.8.3.tgz",
      "integrity": "sha512-bQHV8R9Me8IaJoJ2vPG4rXcL7seB7YVuskr4f+f5RyOStSZetwzkWtoqDMl5erkBJy0lDRUnIR2WIkPiC0GJlg==",
      "license": "MIT"
    },
    "node_modules/@openzeppelin/contracts-upgradeable": {
      "version": "4.8.3",
      "resolved": "https://registry.npmjs.org/@openzeppelin/contracts-upgradeable/-/contracts-upgradeable-4.8.3.tgz",
      "integrity": "sha512-SXDRl7HKpl2WDoJpn7CK/M9U4Z8gNXDHHChAKh0Iz+Wew3wu6CmFYBeie3je8V0GSXZAIYYwUktSrnW/kwVPtg==",
      "license": "MIT"
    }
  }
}
