{
  "name": "data-marketplace-contracts",
  "lockfileVersion": 3,
  "requires": true,
  "packages": {
    "": {
      "dependencies": {
        "@bnb-chain/greenfield-contracts": "0.0.9-alpha3",
        "@bnb-chain/greenfield-contracts-sdk": "0.0.6-alpha1",
        "@openzeppelin/contracts": "^4.8.3",
        "@openzeppelin/contracts-upgradeable": "^4.8.3"
      }
    },
    "node_modules/@bnb-chain/greenfield-contracts": {
      "version": "0.0.9-alpha3",
      "resolved": "https://registry.npmjs.org/@bnb-chain/greenfield-contracts/-/greenfield-contracts-0.0.9-alpha3.tgz",
      "integrity": "sha512-G7tga5ivKsAKwUK6TgX/pkBAHpkyBjYcV+2WgtX7dXhkqYWlLgECFe0hHcNjw4/z72hxvOwJFbYONcC3Uhpkiw==",
      "dependencies": {
        "@openzeppelin/contracts": "4.8.3",
        "@openzeppelin/contracts-upgradeable": "4.8.3"
      }
    },
    "node_modules/@bnb-chain/greenfield-contracts-sdk": {
      "version": "0.0.6-alpha1",
      "resolved": "https://registry.npmjs.org/@bnb-chain/greenfield-contracts-sdk/-/greenfield-contracts-sdk-0.0.6-alpha1.tgz",
      "integrity": "sha512-CHKCIlNMPC4PsVJRFk5iPMC3ytjxNWJtL1QV72+VWv0h2FEDyD96BxbJt7SCyr9eqW4Hfe6PtfH/CHlGENPnTA==",
      "dependencies": {
        "@bnb-chain/greenfield-contracts": "0.0.9-alpha3",
        "@openzeppelin/contracts": "^4.8.3",
        "@openzeppelin/contracts-upgradeable": "^4.8.3"
      }
    },
    "node_modules/@openzeppelin/contracts": {
      "version": "4.8.3",
      "resolved": "https://registry.npmjs.org/@openzeppelin/contracts/-/contracts-4.8.3.tgz",
      "integrity": "sha512-bQHV8R9Me8IaJoJ2vPG4rXcL7seB7YVuskr4f+f5RyOStSZetwzkWtoqDMl5erkBJy0lDRUnIR2WIkPiC0GJlg==",
      "license": "MIT"
    },
    "node_modules/@openzeppelin/contracts-upgradeable": {
      "version": "4.8.3",
      "resolved": "https://registry.npmjs.org/@openzeppelin/contracts-upgradeable/-/contracts-upgradeable-4.8.3.tgz",
      "integrity": "sha512-SXDRl7HKpl2WDoJpn7CK/M9U4Z8gNXDHHChAKh0Iz+Wew3wu6CmFYBeie3je8V0GSXZAIYYwUktSrnW/kwVPtg==",
      "license": "MIT"
    }
  }
}
